<?xml version="1.0" encoding="utf-8"?>
<Project ToolsVersion="4.0" xmlns="http://schemas.microsoft.com/developer/msbuild/2003">
  <ItemGroup>
    <Filter Include="Source Files">
      <UniqueIdentifier>{4FC737F1-C7A5-4376-A066-2A32D752A2FF}</UniqueIdentifier>
      <Extensions>cpp;c;cc;cxx;def;odl;idl;hpj;bat;asm;asmx</Extensions>
    </Filter>
    <Filter Include="Header Files">
      <UniqueIdentifier>{93995380-89BD-4b04-88EB-625FBE52EBFB}</UniqueIdentifier>
      <Extensions>h;hpp;hxx;hm;inl;inc;xsd</Extensions>
    </Filter>
    <Filter Include="Resource Files">
      <UniqueIdentifier>{67DA6AB6-F800-4c08-8B7A-83BB121AAD01}</UniqueIdentifier>
      <Extensions>rc;ico;cur;bmp;dlg;rc2;rct;bin;rgs;gif;jpg;jpeg;jpe;resx;tiff;tif;png;wav;mfcribbon-ms</Extensions>
    </Filter>
  </ItemGroup>
  <ItemGroup>
    <ClCompile Include="..\libmacho\getsecbyname.c">
      <Filter>Source Files</Filter>
    </ClCompile>
    <ClCompile Include="..\libmacho\getsegbyname.c">
      <Filter>Source Files</Filter>
    </ClCompile>
    <ClCompile Include="..\libmacho\hppa_swap.c">
      <Filter>Source Files</Filter>
    </ClCompile>
    <ClCompile Include="..\libmacho\i386_swap.c">
      <Filter>Source Files</Filter>
    </ClCompile>
    <ClCompile Include="..\libmacho\i860_swap.c">
      <Filter>Source Files</Filter>
    </ClCompile>
    <ClCompile Include="..\libmacho\m68k_swap.c">
      <Filter>Source Files</Filter>
    </ClCompile>
    <ClCompile Include="..\libmacho\m88k_swap.c">
      <Filter>Source Files</Filter>
    </ClCompile>
    <ClCompile Include="..\libmacho\ppc_swap.c">
      <Filter>Source Files</Filter>
    </ClCompile>
    <ClCompile Include="..\libmacho\slot_name.c">
      <Filter>Source Files</Filter>
    </ClCompile>
    <ClCompile Include="..\libmacho\sparc_swap.c">
      <Filter>Source Files</Filter>
    </ClCompile>
    <ClCompile Include="..\libmacho\swap.c">
      <Filter>Source Files</Filter>
    </ClCompile>
    <ClCompile Include="..\libmacho\arch.c">
      <Filter>Source Files</Filter>
    </ClCompile>
    <ClCompile Include="..\libmacho\get_end.c">
      <Filter>Source Files</Filter>
    </ClCompile>
  </ItemGroup>
  <ItemGroup>
    <ClInclude Include="..\include\gnu\a.out.h">
      <Filter>Header Files</Filter>
    </ClInclude>
    <ClInclude Include="..\include\gnu\exec.h">
      <Filter>Header Files</Filter>
    </ClInclude>
    <ClInclude Include="..\include\gnu\symseg.h">
      <Filter>Header Files</Filter>
    </ClInclude>
    <ClInclude Include="..\include\i386\eflags.h">
      <Filter>Header Files</Filter>
    </ClInclude>
    <ClInclude Include="..\include\llvm-c\Disassembler.h">
      <Filter>Header Files</Filter>
    </ClInclude>
    <ClInclude Include="..\include\mach\arm\thread_state.h">
      <Filter>Header Files</Filter>
    </ClInclude>
    <ClInclude Include="..\include\mach\arm\thread_status.h">
      <Filter>Header Files</Filter>
    </ClInclude>
    <ClInclude Include="..\include\mach\arm\_structs.h">
      <Filter>Header Files</Filter>
    </ClInclude>
    <ClInclude Include="..\include\mach\hppa\thread_status.h">
      <Filter>Header Files</Filter>
    </ClInclude>
    <ClInclude Include="..\include\mach\i386\fp_reg.h">
      <Filter>Header Files</Filter>
    </ClInclude>
    <ClInclude Include="..\include\mach\i386\thread_state.h">
      <Filter>Header Files</Filter>
    </ClInclude>
    <ClInclude Include="..\include\mach\i386\thread_status.h">
      <Filter>Header Files</Filter>
    </ClInclude>
    <ClInclude Include="..\include\mach\i386\_structs.h">
      <Filter>Header Files</Filter>
    </ClInclude>
    <ClInclude Include="..\include\mach\i860\thread_status.h">
      <Filter>Header Files</Filter>
    </ClInclude>
    <ClInclude Include="..\include\mach\m68k\thread_status.h">
      <Filter>Header Files</Filter>
    </ClInclude>
    <ClInclude Include="..\include\mach\m88k\thread_status.h">
      <Filter>Header Files</Filter>
    </ClInclude>
    <ClInclude Include="..\include\mach\machine.h">
      <Filter>Header Files</Filter>
    </ClInclude>
    <ClInclude Include="..\include\mach\ppc\thread_status.h">
      <Filter>Header Files</Filter>
    </ClInclude>
    <ClInclude Include="..\include\mach\ppc\_structs.h">
      <Filter>Header Files</Filter>
    </ClInclude>
    <ClInclude Include="..\include\mach\sparc\thread_status.h">
      <Filter>Header Files</Filter>
    </ClInclude>
    <ClInclude Include="..\include\mach-o\arch.h">
      <Filter>Header Files</Filter>
    </ClInclude>
    <ClInclude Include="..\include\mach-o\arm\reloc.h">
      <Filter>Header Files</Filter>
    </ClInclude>
    <ClInclude Include="..\include\mach-o\arm64\reloc.h">
      <Filter>Header Files</Filter>
    </ClInclude>
    <ClInclude Include="..\include\mach-o\dyld.h">
      <Filter>Header Files</Filter>
    </ClInclude>
    <ClInclude Include="..\include\mach-o\dyld_debug.h">
      <Filter>Header Files</Filter>
    </ClInclude>
    <ClInclude Include="..\include\mach-o\dyld_gdb.h">
      <Filter>Header Files</Filter>
    </ClInclude>
    <ClInclude Include="..\include\mach-o\dyld_priv.h">
      <Filter>Header Files</Filter>
    </ClInclude>
    <ClInclude Include="..\include\mach-o\fat.h">
      <Filter>Header Files</Filter>
    </ClInclude>
    <ClInclude Include="..\include\mach-o\getsect.h">
      <Filter>Header Files</Filter>
    </ClInclude>
    <ClInclude Include="..\include\mach-o\gmon.h">
      <Filter>Header Files</Filter>
    </ClInclude>
    <ClInclude Include="..\include\mach-o\hppa\reloc.h">
      <Filter>Header Files</Filter>
    </ClInclude>
    <ClInclude Include="..\include\mach-o\hppa\swap.h">
      <Filter>Header Files</Filter>
    </ClInclude>
    <ClInclude Include="..\include\mach-o\i386\swap.h">
      <Filter>Header Files</Filter>
    </ClInclude>
    <ClInclude Include="..\include\mach-o\i860\reloc.h">
      <Filter>Header Files</Filter>
    </ClInclude>
    <ClInclude Include="..\include\mach-o\i860\swap.h">
      <Filter>Header Files</Filter>
    </ClInclude>
    <ClInclude Include="..\include\mach-o\kld.h">
      <Filter>Header Files</Filter>
    </ClInclude>
    <ClInclude Include="..\include\mach-o\ldsyms.h">
      <Filter>Header Files</Filter>
    </ClInclude>
    <ClInclude Include="..\include\mach-o\loader.h">
      <Filter>Header Files</Filter>
    </ClInclude>
    <ClInclude Include="..\include\mach-o\m68k\swap.h">
      <Filter>Header Files</Filter>
    </ClInclude>
    <ClInclude Include="..\include\mach-o\m88k\reloc.h">
      <Filter>Header Files</Filter>
    </ClInclude>
    <ClInclude Include="..\include\mach-o\m88k\swap.h">
      <Filter>Header Files</Filter>
    </ClInclude>
    <ClInclude Include="..\include\mach-o\nlist.h">
      <Filter>Header Files</Filter>
    </ClInclude>
    <ClInclude Include="..\include\mach-o\ppc\reloc.h">
      <Filter>Header Files</Filter>
    </ClInclude>
    <ClInclude Include="..\include\mach-o\ppc\swap.h">
      <Filter>Header Files</Filter>
    </ClInclude>
    <ClInclude Include="..\include\mach-o\ranlib.h">
      <Filter>Header Files</Filter>
    </ClInclude>
    <ClInclude Include="..\include\mach-o\redo_prebinding.h">
      <Filter>Header Files</Filter>
    </ClInclude>
    <ClInclude Include="..\include\mach-o\reloc.h">
      <Filter>Header Files</Filter>
    </ClInclude>
    <ClInclude Include="..\include\mach-o\rld.h">
      <Filter>Header Files</Filter>
    </ClInclude>
    <ClInclude Include="..\include\mach-o\rld_state.h">
      <Filter>Header Files</Filter>
    </ClInclude>
    <ClInclude Include="..\include\mach-o\sarld.h">
      <Filter>Header Files</Filter>
    </ClInclude>
    <ClInclude Include="..\include\mach-o\sparc\reloc.h">
      <Filter>Header Files</Filter>
    </ClInclude>
    <ClInclude Include="..\include\mach-o\sparc\swap.h">
      <Filter>Header Files</Filter>
    </ClInclude>
    <ClInclude Include="..\include\mach-o\stab.h">
      <Filter>Header Files</Filter>
    </ClInclude>
    <ClInclude Include="..\include\mach-o\swap.h">
      <Filter>Header Files</Filter>
    </ClInclude>
    <ClInclude Include="..\include\mach-o\x86_64\reloc.h">
      <Filter>Header Files</Filter>
    </ClInclude>
    <ClInclude Include="..\include\opcode\arm.h">
      <Filter>Header Files</Filter>
    </ClInclude>
    <ClInclude Include="..\include\standalone\libsa.h">
      <Filter>Header Files</Filter>
    </ClInclude>
    <ClInclude Include="..\include\stuff\allocate.h">
      <Filter>Header Files</Filter>
    </ClInclude>
    <ClInclude Include="..\include\stuff\arch.h">
      <Filter>Header Files</Filter>
    </ClInclude>
    <ClInclude Include="..\include\stuff\best_arch.h">
      <Filter>Header Files</Filter>
    </ClInclude>
    <ClInclude Include="..\include\stuff\bool.h">
      <Filter>Header Files</Filter>
    </ClInclude>
    <ClInclude Include="..\include\stuff\breakout.h">
      <Filter>Header Files</Filter>
    </ClInclude>
    <ClInclude Include="..\include\stuff\bytesex.h">
      <Filter>Header Files</Filter>
    </ClInclude>
    <ClInclude Include="..\include\stuff\crc32.h">
      <Filter>Header Files</Filter>
    </ClInclude>
    <ClInclude Include="..\include\stuff\dylib_roots.h">
      <Filter>Header Files</Filter>
    </ClInclude>
    <ClInclude Include="..\include\stuff\dylib_table.h">
      <Filter>Header Files</Filter>
    </ClInclude>
    <ClInclude Include="..\include\stuff\errors.h">
      <Filter>Header Files</Filter>
    </ClInclude>
    <ClInclude Include="..\include\stuff\execute.h">
      <Filter>Header Files</Filter>
    </ClInclude>
    <ClInclude Include="..\include\stuff\guess_short_name.h">
      <Filter>Header Files</Filter>
    </ClInclude>
    <ClInclude Include="..\include\stuff\hash_string.h">
      <Filter>Header Files</Filter>
    </ClInclude>
    <ClInclude Include="..\include\stuff\hppa.h">
      <Filter>Header Files</Filter>
    </ClInclude>
    <ClInclude Include="..\include\stuff\llvm.h">
      <Filter>Header Files</Filter>
    </ClInclude>
    <ClInclude Include="..\include\stuff\lto.h">
      <Filter>Header Files</Filter>
    </ClInclude>
    <ClInclude Include="..\include\stuff\macosx_deployment_target.h">
      <Filter>Header Files</Filter>
    </ClInclude>
    <ClInclude Include="..\include\stuff\ofile.h">
      <Filter>Header Files</Filter>
    </ClInclude>
    <ClInclude Include="..\include\stuff\openstep_mach.h">
      <Filter>Header Files</Filter>
    </ClInclude>
    <ClInclude Include="..\include\stuff\print.h">
      <Filter>Header Files</Filter>
    </ClInclude>
    <ClInclude Include="..\include\stuff\reloc.h">
      <Filter>Header Files</Filter>
    </ClInclude>
    <ClInclude Include="..\include\stuff\rnd.h">
      <Filter>Header Files</Filter>
    </ClInclude>
    <ClInclude Include="..\include\stuff\seg_addr_table.h">
      <Filter>Header Files</Filter>
    </ClInclude>
    <ClInclude Include="..\include\stuff\symbol.h">
      <Filter>Header Files</Filter>
    </ClInclude>
    <ClInclude Include="..\include\stuff\symbol_list.h">
      <Filter>Header Files</Filter>
    </ClInclude>
    <ClInclude Include="..\include\stuff\SymLoc.h">
      <Filter>Header Files</Filter>
    </ClInclude>
    <ClInclude Include="..\include\stuff\unix_standard_mode.h">
      <Filter>Header Files</Filter>
    </ClInclude>
    <ClInclude Include="..\include\stuff\version_number.h">
      <Filter>Header Files</Filter>
    </ClInclude>
    <ClInclude Include="..\include\stuff\vm_flush_cache.h">
      <Filter>Header Files</Filter>
    </ClInclude>
    <ClInclude Include="..\include\sys\gmon.h">
      <Filter>Header Files</Filter>
    </ClInclude>
    <ClInclude Include="..\include\xar\xar.h">
      <Filter>Header Files</Filter>
    </ClInclude>
    <ClInclude Include="..\include\architecture\i386\fpu.h">
      <Filter>Header Files</Filter>
    </ClInclude>
    <ClInclude Include="..\include\architecture\i386\frame.h">
      <Filter>Header Files</Filter>
    </ClInclude>
    <ClInclude Include="..\include\architecture\m88k\fp_regs.h">
      <Filter>Header Files</Filter>
    </ClInclude>
    <ClInclude Include="..\include\architecture\m88k\reg_help.h">
      <Filter>Header Files</Filter>
    </ClInclude>
    <ClInclude Include="..\include\architecture\nrw\macro_help.h">
      <Filter>Header Files</Filter>
    </ClInclude>
    <ClInclude Include="..\include\architecture\nrw\reg_help.h">
      <Filter>Header Files</Filter>
    </ClInclude>
    <ClInclude Include="..\include\architecture\sparc\reg.h">
      <Filter>Header Files</Filter>
    </ClInclude>
    <ClInclude Include="..\include\cbt\libsyminfo.h">
      <Filter>Header Files</Filter>
    </ClInclude>
    <ClInclude Include="..\include\coff\aouthdr.h">
      <Filter>Header Files</Filter>
    </ClInclude>
    <ClInclude Include="..\include\coff\base_relocs.h">
      <Filter>Header Files</Filter>
    </ClInclude>
    <ClInclude Include="..\include\coff\bytesex.h">
      <Filter>Header Files</Filter>
    </ClInclude>
    <ClInclude Include="..\include\coff\debug_directory.h">
      <Filter>Header Files</Filter>
    </ClInclude>
    <ClInclude Include="..\include\coff\filehdr.h">
      <Filter>Header Files</Filter>
    </ClInclude>
    <ClInclude Include="..\include\coff\ms_dos_stub.h">
      <Filter>Header Files</Filter>
    </ClInclude>
    <ClInclude Include="..\include\coff\scnhdr.h">
      <Filter>Header Files</Filter>
    </ClInclude>
    <ClInclude Include="..\include\coff\syment.h">
      <Filter>Header Files</Filter>
    </ClInclude>
    <ClInclude Include="..\include\elf\dwarf2.h">
      <Filter>Header Files</Filter>
    </ClInclude>
  </ItemGroup>
</Project>