
Microsoft Visual Studio Solution File, Format Version 12.00
# Visual Studio 14
VisualStudioVersion = 14.0.25420.1
MinimumVisualStudioVersion = 10.0.40219.1
Project("{8BC9CEB8-8B4A-11D0-8D11-00A0C91BC942}") = "macho", "cctools.vcxproj", "{D9CC5903-32C3-4210-8FF1-7CCBC216EF57}"
EndProject
Project("{8BC9CEB8-8B4A-11D0-8D11-00A0C91BC942}") = "stuff", "..\stuff\stuff.vcxproj", "{AE0F2967-11EE-4627-A746-719AFA5C3B23}"
EndProject
Project("{8BC9CEB8-8B4A-11D0-8D11-00A0C91BC942}") = "cbt", "..\cbt\cbt.vcxproj", "{F262C2F9-779D-45E9-B0CB-25270DD353F3}"
EndProject
Project("{8BC9CEB8-8B4A-11D0-8D11-00A0C91BC942}") = "gprof", "gprof\gprof.vcxproj", "{59A68A3B-8CFF-497D-A27C-E3CB010CB3F0}"
	ProjectSection(ProjectDependencies) = postProject
		{D9CC5903-32C3-4210-8FF1-7CCBC216EF57} = {D9CC5903-32C3-4210-8FF1-7CCBC216EF57}
		{AE0F2967-11EE-4627-A746-719AFA5C3B23} = {AE0F2967-11EE-4627-A746-719AFA5C3B23}
		{F262C2F9-779D-45E9-B0CB-25270DD353F3} = {F262C2F9-779D-45E9-B0CB-25270DD353F3}
	EndProjectSection
EndProject
Project("{8BC9CEB8-8B4A-11D0-8D11-00A0C91BC942}") = "mtoc", "mtoc\mtoc.vcxproj", "{CDF8ADA5-25B0-440A-817E-7719F8EEFE52}"
	ProjectSection(ProjectDependencies) = postProject
		{D9CC5903-32C3-4210-8FF1-7CCBC216EF57} = {D9CC5903-32C3-4210-8FF1-7CCBC216EF57}
		{AE0F2967-11EE-4627-A746-719AFA5C3B23} = {AE0F2967-11EE-4627-A746-719AFA5C3B23}
		{F262C2F9-779D-45E9-B0CB-25270DD353F3} = {F262C2F9-779D-45E9-B0CB-25270DD353F3}
	EndProjectSection
EndProject
Project("{8BC9CEB8-8B4A-11D0-8D11-00A0C91BC942}") = "makerelocs", "makerelocs\makerelocs.vcxproj", "{8B66D657-D142-40DD-A51E-B34A5B997161}"
	ProjectSection(ProjectDependencies) = postProject
		{D9CC5903-32C3-4210-8FF1-7CCBC216EF57} = {D9CC5903-32C3-4210-8FF1-7CCBC216EF57}
		{AE0F2967-11EE-4627-A746-719AFA5C3B23} = {AE0F2967-11EE-4627-A746-719AFA5C3B23}
		{F262C2F9-779D-45E9-B0CB-25270DD353F3} = {F262C2F9-779D-45E9-B0CB-25270DD353F3}
	EndProjectSection
EndProject
Project("{8BC9CEB8-8B4A-11D0-8D11-00A0C91BC942}") = "ar", "ar\ar.vcxproj", "{429DB74B-F212-4DD1-9333-96A63B122F0E}"
	ProjectSection(ProjectDependencies) = postProject
		{D9CC5903-32C3-4210-8FF1-7CCBC216EF57} = {D9CC5903-32C3-4210-8FF1-7CCBC216EF57}
		{AE0F2967-11EE-4627-A746-719AFA5C3B23} = {AE0F2967-11EE-4627-A746-719AFA5C3B23}
		{F262C2F9-779D-45E9-B0CB-25270DD353F3} = {F262C2F9-779D-45E9-B0CB-25270DD353F3}
	EndProjectSection
EndProject
Project("{8BC9CEB8-8B4A-11D0-8D11-00A0C91BC942}") = "otool", "otool\otool.vcxproj", "{D57FA0C8-A758-447A-B5B4-B009F720FE2D}"
	ProjectSection(ProjectDependencies) = postProject
		{D9CC5903-32C3-4210-8FF1-7CCBC216EF57} = {D9CC5903-32C3-4210-8FF1-7CCBC216EF57}
		{F262C2F9-779D-45E9-B0CB-25270DD353F3} = {F262C2F9-779D-45E9-B0CB-25270DD353F3}
	EndProjectSection
EndProject
Global
	GlobalSection(SolutionConfigurationPlatforms) = preSolution
		Debug|ARM = Debug|ARM
		Debug|ARM64 = Debug|ARM64
		Debug|x64 = Debug|x64
		Debug|x86 = Debug|x86
		Release|ARM = Release|ARM
		Release|ARM64 = Release|ARM64
		Release|x64 = Release|x64
		Release|x86 = Release|x86
	EndGlobalSection
	GlobalSection(ProjectConfigurationPlatforms) = postSolution
		{D9CC5903-32C3-4210-8FF1-7CCBC216EF57}.Debug|ARM.ActiveCfg = Debug|ARM
		{D9CC5903-32C3-4210-8FF1-7CCBC216EF57}.Debug|ARM.Build.0 = Debug|ARM
		{D9CC5903-32C3-4210-8FF1-7CCBC216EF57}.Debug|ARM64.ActiveCfg = Debug|ARM64
		{D9CC5903-32C3-4210-8FF1-7CCBC216EF57}.Debug|ARM64.Build.0 = Debug|ARM64
		{D9CC5903-32C3-4210-8FF1-7CCBC216EF57}.Debug|x64.ActiveCfg = Debug|x64
		{D9CC5903-32C3-4210-8FF1-7CCBC216EF57}.Debug|x64.Build.0 = Debug|x64
		{D9CC5903-32C3-4210-8FF1-7CCBC216EF57}.Debug|x86.ActiveCfg = Debug|Win32
		{D9CC5903-32C3-4210-8FF1-7CCBC216EF57}.Debug|x86.Build.0 = Debug|Win32
		{D9CC5903-32C3-4210-8FF1-7CCBC216EF57}.Release|ARM.ActiveCfg = Release|ARM
		{D9CC5903-32C3-4210-8FF1-7CCBC216EF57}.Release|ARM.Build.0 = Release|ARM
		{D9CC5903-32C3-4210-8FF1-7CCBC216EF57}.Release|ARM64.ActiveCfg = Release|ARM64
		{D9CC5903-32C3-4210-8FF1-7CCBC216EF57}.Release|ARM64.Build.0 = Release|ARM64
		{D9CC5903-32C3-4210-8FF1-7CCBC216EF57}.Release|x64.ActiveCfg = Release|x64
		{D9CC5903-32C3-4210-8FF1-7CCBC216EF57}.Release|x64.Build.0 = Release|x64
		{D9CC5903-32C3-4210-8FF1-7CCBC216EF57}.Release|x86.ActiveCfg = Release|Win32
		{D9CC5903-32C3-4210-8FF1-7CCBC216EF57}.Release|x86.Build.0 = Release|Win32
		{AE0F2967-11EE-4627-A746-719AFA5C3B23}.Debug|ARM.ActiveCfg = Debug|ARM
		{AE0F2967-11EE-4627-A746-719AFA5C3B23}.Debug|ARM.Build.0 = Debug|ARM
		{AE0F2967-11EE-4627-A746-719AFA5C3B23}.Debug|ARM64.ActiveCfg = Debug|ARM64
		{AE0F2967-11EE-4627-A746-719AFA5C3B23}.Debug|ARM64.Build.0 = Debug|ARM64
		{AE0F2967-11EE-4627-A746-719AFA5C3B23}.Debug|x64.ActiveCfg = Debug|x64
		{AE0F2967-11EE-4627-A746-719AFA5C3B23}.Debug|x64.Build.0 = Debug|x64
		{AE0F2967-11EE-4627-A746-719AFA5C3B23}.Debug|x86.ActiveCfg = Debug|Win32
		{AE0F2967-11EE-4627-A746-719AFA5C3B23}.Debug|x86.Build.0 = Debug|Win32
		{AE0F2967-11EE-4627-A746-719AFA5C3B23}.Release|ARM.ActiveCfg = Release|ARM
		{AE0F2967-11EE-4627-A746-719AFA5C3B23}.Release|ARM.Build.0 = Release|ARM
		{AE0F2967-11EE-4627-A746-719AFA5C3B23}.Release|ARM64.ActiveCfg = Release|ARM64
		{AE0F2967-11EE-4627-A746-719AFA5C3B23}.Release|ARM64.Build.0 = Release|ARM64
		{AE0F2967-11EE-4627-A746-719AFA5C3B23}.Release|x64.ActiveCfg = Release|x64
		{AE0F2967-11EE-4627-A746-719AFA5C3B23}.Release|x64.Build.0 = Release|x64
		{AE0F2967-11EE-4627-A746-719AFA5C3B23}.Release|x86.ActiveCfg = Release|Win32
		{AE0F2967-11EE-4627-A746-719AFA5C3B23}.Release|x86.Build.0 = Release|Win32
		{F262C2F9-779D-45E9-B0CB-25270DD353F3}.Debug|ARM.ActiveCfg = Debug|ARM
		{F262C2F9-779D-45E9-B0CB-25270DD353F3}.Debug|ARM.Build.0 = Debug|ARM
		{F262C2F9-779D-45E9-B0CB-25270DD353F3}.Debug|ARM.Deploy.0 = Debug|ARM
		{F262C2F9-779D-45E9-B0CB-25270DD353F3}.Debug|ARM64.ActiveCfg = Debug|ARM64
		{F262C2F9-779D-45E9-B0CB-25270DD353F3}.Debug|ARM64.Build.0 = Debug|ARM64
		{F262C2F9-779D-45E9-B0CB-25270DD353F3}.Debug|ARM64.Deploy.0 = Debug|ARM64
		{F262C2F9-779D-45E9-B0CB-25270DD353F3}.Debug|x64.ActiveCfg = Debug|x64
		{F262C2F9-779D-45E9-B0CB-25270DD353F3}.Debug|x64.Build.0 = Debug|x64
		{F262C2F9-779D-45E9-B0CB-25270DD353F3}.Debug|x64.Deploy.0 = Debug|x64
		{F262C2F9-779D-45E9-B0CB-25270DD353F3}.Debug|x86.ActiveCfg = Debug|Win32
		{F262C2F9-779D-45E9-B0CB-25270DD353F3}.Debug|x86.Build.0 = Debug|Win32
		{F262C2F9-779D-45E9-B0CB-25270DD353F3}.Debug|x86.Deploy.0 = Debug|Win32
		{F262C2F9-779D-45E9-B0CB-25270DD353F3}.Release|ARM.ActiveCfg = Release|ARM
		{F262C2F9-779D-45E9-B0CB-25270DD353F3}.Release|ARM.Build.0 = Release|ARM
		{F262C2F9-779D-45E9-B0CB-25270DD353F3}.Release|ARM.Deploy.0 = Release|ARM
		{F262C2F9-779D-45E9-B0CB-25270DD353F3}.Release|ARM64.ActiveCfg = Release|ARM64
		{F262C2F9-779D-45E9-B0CB-25270DD353F3}.Release|ARM64.Build.0 = Release|ARM64
		{F262C2F9-779D-45E9-B0CB-25270DD353F3}.Release|ARM64.Deploy.0 = Release|ARM64
		{F262C2F9-779D-45E9-B0CB-25270DD353F3}.Release|x64.ActiveCfg = Release|x64
		{F262C2F9-779D-45E9-B0CB-25270DD353F3}.Release|x64.Build.0 = Release|x64
		{F262C2F9-779D-45E9-B0CB-25270DD353F3}.Release|x64.Deploy.0 = Release|x64
		{F262C2F9-779D-45E9-B0CB-25270DD353F3}.Release|x86.ActiveCfg = Release|Win32
		{F262C2F9-779D-45E9-B0CB-25270DD353F3}.Release|x86.Build.0 = Release|Win32
		{F262C2F9-779D-45E9-B0CB-25270DD353F3}.Release|x86.Deploy.0 = Release|Win32
		{59A68A3B-8CFF-497D-A27C-E3CB010CB3F0}.Debug|ARM.ActiveCfg = Debug|Win32
		{59A68A3B-8CFF-497D-A27C-E3CB010CB3F0}.Debug|ARM64.ActiveCfg = Debug|Win32
		{59A68A3B-8CFF-497D-A27C-E3CB010CB3F0}.Debug|x64.ActiveCfg = Debug|x64
		{59A68A3B-8CFF-497D-A27C-E3CB010CB3F0}.Debug|x64.Build.0 = Debug|x64
		{59A68A3B-8CFF-497D-A27C-E3CB010CB3F0}.Debug|x86.ActiveCfg = Debug|Win32
		{59A68A3B-8CFF-497D-A27C-E3CB010CB3F0}.Debug|x86.Build.0 = Debug|Win32
		{59A68A3B-8CFF-497D-A27C-E3CB010CB3F0}.Release|ARM.ActiveCfg = Release|Win32
		{59A68A3B-8CFF-497D-A27C-E3CB010CB3F0}.Release|ARM64.ActiveCfg = Release|Win32
		{59A68A3B-8CFF-497D-A27C-E3CB010CB3F0}.Release|x64.ActiveCfg = Release|Win32
		{59A68A3B-8CFF-497D-A27C-E3CB010CB3F0}.Release|x64.Build.0 = Release|Win32
		{59A68A3B-8CFF-497D-A27C-E3CB010CB3F0}.Release|x86.ActiveCfg = Release|Win32
		{59A68A3B-8CFF-497D-A27C-E3CB010CB3F0}.Release|x86.Build.0 = Release|Win32
		{CDF8ADA5-25B0-440A-817E-7719F8EEFE52}.Debug|ARM.ActiveCfg = Debug|ARM
		{CDF8ADA5-25B0-440A-817E-7719F8EEFE52}.Debug|ARM.Build.0 = Debug|ARM
		{CDF8ADA5-25B0-440A-817E-7719F8EEFE52}.Debug|ARM64.ActiveCfg = Debug|ARM64
		{CDF8ADA5-25B0-440A-817E-7719F8EEFE52}.Debug|ARM64.Build.0 = Debug|ARM64
		{CDF8ADA5-25B0-440A-817E-7719F8EEFE52}.Debug|x64.ActiveCfg = Debug|x64
		{CDF8ADA5-25B0-440A-817E-7719F8EEFE52}.Debug|x64.Build.0 = Debug|x64
		{CDF8ADA5-25B0-440A-817E-7719F8EEFE52}.Debug|x86.ActiveCfg = Debug|Win32
		{CDF8ADA5-25B0-440A-817E-7719F8EEFE52}.Debug|x86.Build.0 = Debug|Win32
		{CDF8ADA5-25B0-440A-817E-7719F8EEFE52}.Release|ARM.ActiveCfg = Release|ARM
		{CDF8ADA5-25B0-440A-817E-7719F8EEFE52}.Release|ARM.Build.0 = Release|ARM
		{CDF8ADA5-25B0-440A-817E-7719F8EEFE52}.Release|ARM64.ActiveCfg = Release|ARM64
		{CDF8ADA5-25B0-440A-817E-7719F8EEFE52}.Release|ARM64.Build.0 = Release|ARM64
		{CDF8ADA5-25B0-440A-817E-7719F8EEFE52}.Release|x64.ActiveCfg = Release|x64
		{CDF8ADA5-25B0-440A-817E-7719F8EEFE52}.Release|x64.Build.0 = Release|x64
		{CDF8ADA5-25B0-440A-817E-7719F8EEFE52}.Release|x86.ActiveCfg = Release|Win32
		{CDF8ADA5-25B0-440A-817E-7719F8EEFE52}.Release|x86.Build.0 = Release|Win32
		{8B66D657-D142-40DD-A51E-B34A5B997161}.Debug|ARM.ActiveCfg = Debug|Win32
		{8B66D657-D142-40DD-A51E-B34A5B997161}.Debug|ARM64.ActiveCfg = Debug|Win32
		{8B66D657-D142-40DD-A51E-B34A5B997161}.Debug|x64.ActiveCfg = Debug|x64
		{8B66D657-D142-40DD-A51E-B34A5B997161}.Debug|x64.Build.0 = Debug|x64
		{8B66D657-D142-40DD-A51E-B34A5B997161}.Debug|x86.ActiveCfg = Debug|Win32
		{8B66D657-D142-40DD-A51E-B34A5B997161}.Debug|x86.Build.0 = Debug|Win32
		{8B66D657-D142-40DD-A51E-B34A5B997161}.Release|ARM.ActiveCfg = Release|Win32
		{8B66D657-D142-40DD-A51E-B34A5B997161}.Release|ARM64.ActiveCfg = Release|Win32
		{8B66D657-D142-40DD-A51E-B34A5B997161}.Release|x64.ActiveCfg = Release|x64
		{8B66D657-D142-40DD-A51E-B34A5B997161}.Release|x64.Build.0 = Release|x64
		{8B66D657-D142-40DD-A51E-B34A5B997161}.Release|x86.ActiveCfg = Release|Win32
		{8B66D657-D142-40DD-A51E-B34A5B997161}.Release|x86.Build.0 = Release|Win32
		{429DB74B-F212-4DD1-9333-96A63B122F0E}.Debug|ARM.ActiveCfg = Debug|ARM
		{429DB74B-F212-4DD1-9333-96A63B122F0E}.Debug|ARM.Build.0 = Debug|ARM
		{429DB74B-F212-4DD1-9333-96A63B122F0E}.Debug|ARM64.ActiveCfg = Debug|ARM64
		{429DB74B-F212-4DD1-9333-96A63B122F0E}.Debug|ARM64.Build.0 = Debug|ARM64
		{429DB74B-F212-4DD1-9333-96A63B122F0E}.Debug|x64.ActiveCfg = Debug|x64
		{429DB74B-F212-4DD1-9333-96A63B122F0E}.Debug|x64.Build.0 = Debug|x64
		{429DB74B-F212-4DD1-9333-96A63B122F0E}.Debug|x86.ActiveCfg = Debug|Win32
		{429DB74B-F212-4DD1-9333-96A63B122F0E}.Debug|x86.Build.0 = Debug|Win32
		{429DB74B-F212-4DD1-9333-96A63B122F0E}.Release|ARM.ActiveCfg = Release|ARM
		{429DB74B-F212-4DD1-9333-96A63B122F0E}.Release|ARM.Build.0 = Release|ARM
		{429DB74B-F212-4DD1-9333-96A63B122F0E}.Release|ARM64.ActiveCfg = Release|ARM64
		{429DB74B-F212-4DD1-9333-96A63B122F0E}.Release|ARM64.Build.0 = Release|ARM64
		{429DB74B-F212-4DD1-9333-96A63B122F0E}.Release|x64.ActiveCfg = Release|x64
		{429DB74B-F212-4DD1-9333-96A63B122F0E}.Release|x64.Build.0 = Release|x64
		{429DB74B-F212-4DD1-9333-96A63B122F0E}.Release|x86.ActiveCfg = Release|Win32
		{429DB74B-F212-4DD1-9333-96A63B122F0E}.Release|x86.Build.0 = Release|Win32
		{D57FA0C8-A758-447A-B5B4-B009F720FE2D}.Debug|ARM.ActiveCfg = Debug|ARM
		{D57FA0C8-A758-447A-B5B4-B009F720FE2D}.Debug|ARM.Build.0 = Debug|ARM
		{D57FA0C8-A758-447A-B5B4-B009F720FE2D}.Debug|ARM64.ActiveCfg = Debug|ARM64
		{D57FA0C8-A758-447A-B5B4-B009F720FE2D}.Debug|ARM64.Build.0 = Debug|ARM64
		{D57FA0C8-A758-447A-B5B4-B009F720FE2D}.Debug|x64.ActiveCfg = Debug|x64
		{D57FA0C8-A758-447A-B5B4-B009F720FE2D}.Debug|x64.Build.0 = Debug|x64
		{D57FA0C8-A758-447A-B5B4-B009F720FE2D}.Debug|x86.ActiveCfg = Debug|Win32
		{D57FA0C8-A758-447A-B5B4-B009F720FE2D}.Debug|x86.Build.0 = Debug|Win32
		{D57FA0C8-A758-447A-B5B4-B009F720FE2D}.Release|ARM.ActiveCfg = Release|ARM
		{D57FA0C8-A758-447A-B5B4-B009F720FE2D}.Release|ARM.Build.0 = Release|ARM
		{D57FA0C8-A758-447A-B5B4-B009F720FE2D}.Release|ARM64.ActiveCfg = Release|ARM64
		{D57FA0C8-A758-447A-B5B4-B009F720FE2D}.Release|ARM64.Build.0 = Release|ARM64
		{D57FA0C8-A758-447A-B5B4-B009F720FE2D}.Release|x64.ActiveCfg = Release|x64
		{D57FA0C8-A758-447A-B5B4-B009F720FE2D}.Release|x64.Build.0 = Release|x64
		{D57FA0C8-A758-447A-B5B4-B009F720FE2D}.Release|x86.ActiveCfg = Release|Win32
		{D57FA0C8-A758-447A-B5B4-B009F720FE2D}.Release|x86.Build.0 = Release|Win32
	EndGlobalSection
	GlobalSection(SolutionProperties) = preSolution
		HideSolutionNode = FALSE
	EndGlobalSection
EndGlobal
