<?xml version="1.0" encoding="utf-8"?>
<Project ToolsVersion="4.0" xmlns="http://schemas.microsoft.com/developer/msbuild/2003">
  <ItemGroup>
    <Filter Include="Source Files">
      <UniqueIdentifier>{4FC737F1-C7A5-4376-A066-2A32D752A2FF}</UniqueIdentifier>
      <Extensions>cpp;c;cc;cxx;def;odl;idl;hpj;bat;asm;asmx</Extensions>
    </Filter>
    <Filter Include="Header Files">
      <UniqueIdentifier>{93995380-89BD-4b04-88EB-625FBE52EBFB}</UniqueIdentifier>
      <Extensions>h;hpp;hxx;hm;inl;inc;xsd</Extensions>
    </Filter>
    <Filter Include="Resource Files">
      <UniqueIdentifier>{67DA6AB6-F800-4c08-8B7A-83BB121AAD01}</UniqueIdentifier>
      <Extensions>rc;ico;cur;bmp;dlg;rc2;rct;bin;rgs;gif;jpg;jpeg;jpe;resx;tiff;tif;png;wav;mfcribbon-ms</Extensions>
    </Filter>
  </ItemGroup>
  <ItemGroup>
    <ClCompile Include="..\libstuff\allocate.c">
      <Filter>Source Files</Filter>
    </ClCompile>
    <ClCompile Include="..\libstuff\arch.c">
      <Filter>Source Files</Filter>
    </ClCompile>
    <ClCompile Include="..\libstuff\arch_usage.c">
      <Filter>Source Files</Filter>
    </ClCompile>
    <ClCompile Include="..\libstuff\best_arch.c">
      <Filter>Source Files</Filter>
    </ClCompile>
    <ClCompile Include="..\libstuff\breakout.c">
      <Filter>Source Files</Filter>
    </ClCompile>
    <ClCompile Include="..\libstuff\bytesex.c">
      <Filter>Source Files</Filter>
    </ClCompile>
    <ClCompile Include="..\libstuff\checkout.c">
      <Filter>Source Files</Filter>
    </ClCompile>
    <ClCompile Include="..\libstuff\coff_bytesex.c">
      <Filter>Source Files</Filter>
    </ClCompile>
    <ClCompile Include="..\libstuff\crc32.c">
      <Filter>Source Files</Filter>
    </ClCompile>
    <ClCompile Include="..\libstuff\dylib_roots.c">
      <Filter>Source Files</Filter>
    </ClCompile>
    <ClCompile Include="..\libstuff\dylib_table.c">
      <Filter>Source Files</Filter>
    </ClCompile>
    <ClCompile Include="..\libstuff\errors.c">
      <Filter>Source Files</Filter>
    </ClCompile>
    <ClCompile Include="..\libstuff\execute.c">
      <Filter>Source Files</Filter>
    </ClCompile>
    <ClCompile Include="..\libstuff\fatals.c">
      <Filter>Source Files</Filter>
    </ClCompile>
    <ClCompile Include="..\libstuff\fatal_arch.c">
      <Filter>Source Files</Filter>
    </ClCompile>
    <ClCompile Include="..\libstuff\get_arch_from_host.c">
      <Filter>Source Files</Filter>
    </ClCompile>
    <ClCompile Include="..\libstuff\get_toc_byte_sex.c">
      <Filter>Source Files</Filter>
    </ClCompile>
    <ClCompile Include="..\libstuff\guess_short_name.c">
      <Filter>Source Files</Filter>
    </ClCompile>
    <ClCompile Include="..\libstuff\hash_string.c">
      <Filter>Source Files</Filter>
    </ClCompile>
    <ClCompile Include="..\libstuff\hppa.c">
      <Filter>Source Files</Filter>
    </ClCompile>
    <ClCompile Include="..\libstuff\llvm.c">
      <Filter>Source Files</Filter>
    </ClCompile>
    <ClCompile Include="..\libstuff\lto.c">
      <Filter>Source Files</Filter>
    </ClCompile>
    <ClCompile Include="..\libstuff\macosx_deployment_target.c">
      <Filter>Source Files</Filter>
    </ClCompile>
    <ClCompile Include="..\libstuff\ofile.c">
      <Filter>Source Files</Filter>
    </ClCompile>
    <ClCompile Include="..\libstuff\ofile_error.c">
      <Filter>Source Files</Filter>
    </ClCompile>
    <ClCompile Include="..\libstuff\ofile_get_word.c">
      <Filter>Source Files</Filter>
    </ClCompile>
    <ClCompile Include="..\libstuff\print.c">
      <Filter>Source Files</Filter>
    </ClCompile>
    <ClCompile Include="..\libstuff\reloc.c">
      <Filter>Source Files</Filter>
    </ClCompile>
    <ClCompile Include="..\libstuff\rnd.c">
      <Filter>Source Files</Filter>
    </ClCompile>
    <ClCompile Include="..\libstuff\seg_addr_table.c">
      <Filter>Source Files</Filter>
    </ClCompile>
    <ClCompile Include="..\libstuff\set_arch_flag_name.c">
      <Filter>Source Files</Filter>
    </ClCompile>
    <ClCompile Include="..\libstuff\swap_headers.c">
      <Filter>Source Files</Filter>
    </ClCompile>
    <ClCompile Include="..\libstuff\symbol_list.c">
      <Filter>Source Files</Filter>
    </ClCompile>
    <ClCompile Include="..\libstuff\SymLoc.c">
      <Filter>Source Files</Filter>
    </ClCompile>
    <ClCompile Include="..\libstuff\unix_standard_mode.c">
      <Filter>Source Files</Filter>
    </ClCompile>
    <ClCompile Include="..\libstuff\version_number.c">
      <Filter>Source Files</Filter>
    </ClCompile>
    <ClCompile Include="..\libstuff\vm_flush_cache.c">
      <Filter>Source Files</Filter>
    </ClCompile>
    <ClCompile Include="..\libstuff\writeout.c">
      <Filter>Source Files</Filter>
    </ClCompile>
    <ClCompile Include="..\mmap_win\windows-mmap.c">
      <Filter>Source Files</Filter>
    </ClCompile>
    <ClCompile Include="..\winsuppl\getopt.c">
      <Filter>Source Files</Filter>
    </ClCompile>
  </ItemGroup>
  <ItemGroup>
    <ClInclude Include="..\include\coff\aouthdr.h">
      <Filter>Header Files</Filter>
    </ClInclude>
    <ClInclude Include="..\mmap_win\windows-mmap.h">
      <Filter>Header Files</Filter>
    </ClInclude>
    <ClInclude Include="..\winsuppl\getopt.h">
      <Filter>Header Files</Filter>
    </ClInclude>
    <ClInclude Include="..\winsuppl\getopt_int.h">
      <Filter>Header Files</Filter>
    </ClInclude>
  </ItemGroup>
</Project>