<?xml version="1.0" encoding="utf-8"?>
<Project ToolsVersion="4.0" xmlns="http://schemas.microsoft.com/developer/msbuild/2003">
  <ItemGroup>
    <Filter Include="Source Files">
      <UniqueIdentifier>{4FC737F1-C7A5-4376-A066-2A32D752A2FF}</UniqueIdentifier>
      <Extensions>cpp;c;cc;cxx;def;odl;idl;hpj;bat;asm;asmx</Extensions>
    </Filter>
    <Filter Include="Header Files">
      <UniqueIdentifier>{93995380-89BD-4b04-88EB-625FBE52EBFB}</UniqueIdentifier>
      <Extensions>h;hpp;hxx;hm;inl;inc;xsd</Extensions>
    </Filter>
    <Filter Include="Resource Files">
      <UniqueIdentifier>{67DA6AB6-F800-4c08-8B7A-83BB121AAD01}</UniqueIdentifier>
      <Extensions>rc;ico;cur;bmp;dlg;rc2;rct;bin;rgs;gif;jpg;jpeg;jpe;resx;tiff;tif;png;wav;mfcribbon-ms</Extensions>
    </Filter>
  </ItemGroup>
  <ItemGroup>
    <ClCompile Include="..\..\otool\arm_disasm.c">
      <Filter>Source Files</Filter>
    </ClCompile>
    <ClCompile Include="..\..\otool\arm64_disasm.c">
      <Filter>Source Files</Filter>
    </ClCompile>
    <ClCompile Include="..\..\otool\coff_print.c">
      <Filter>Source Files</Filter>
    </ClCompile>
    <ClCompile Include="..\..\otool\dyld_bind_info.c">
      <Filter>Source Files</Filter>
    </ClCompile>
    <ClCompile Include="..\..\otool\hppa_disasm.c">
      <Filter>Source Files</Filter>
    </ClCompile>
    <ClCompile Include="..\..\otool\i386_disasm.c">
      <Filter>Source Files</Filter>
    </ClCompile>
    <ClCompile Include="..\..\otool\i860_disasm.c">
      <Filter>Source Files</Filter>
    </ClCompile>
    <ClCompile Include="..\..\otool\m68k_disasm.c">
      <Filter>Source Files</Filter>
    </ClCompile>
    <ClCompile Include="..\..\otool\m88k_disasm.c">
      <Filter>Source Files</Filter>
    </ClCompile>
    <ClCompile Include="..\..\otool\main.c">
      <Filter>Source Files</Filter>
    </ClCompile>
    <ClCompile Include="..\..\otool\notify.c">
      <Filter>Source Files</Filter>
    </ClCompile>
    <ClCompile Include="..\..\otool\ofile_print.c">
      <Filter>Source Files</Filter>
    </ClCompile>
    <ClCompile Include="..\..\otool\ppc_disasm.c">
      <Filter>Source Files</Filter>
    </ClCompile>
    <ClCompile Include="..\..\otool\print_bitcode.c">
      <Filter>Source Files</Filter>
    </ClCompile>
    <ClCompile Include="..\..\otool\print_objc.c">
      <Filter>Source Files</Filter>
    </ClCompile>
    <ClCompile Include="..\..\otool\print_objc2_32bit.c">
      <Filter>Source Files</Filter>
    </ClCompile>
    <ClCompile Include="..\..\otool\print_objc2_64bit.c">
      <Filter>Source Files</Filter>
    </ClCompile>
    <ClCompile Include="..\..\otool\sparc_disasm.c">
      <Filter>Source Files</Filter>
    </ClCompile>
    <ClCompile Include="..\..\libstuff\allocate.c">
      <Filter>Source Files</Filter>
    </ClCompile>
    <ClCompile Include="..\..\libstuff\print.c">
      <Filter>Source Files</Filter>
    </ClCompile>
  </ItemGroup>
  <ItemGroup>
    <ClInclude Include="..\..\otool\arm64_disasm.h">
      <Filter>Header Files</Filter>
    </ClInclude>
    <ClInclude Include="..\..\otool\arm_disasm.h">
      <Filter>Header Files</Filter>
    </ClInclude>
    <ClInclude Include="..\..\otool\cxa_demangle.h">
      <Filter>Header Files</Filter>
    </ClInclude>
    <ClInclude Include="..\..\otool\dyld_bind_info.h">
      <Filter>Header Files</Filter>
    </ClInclude>
    <ClInclude Include="..\..\otool\hppa_disasm.h">
      <Filter>Header Files</Filter>
    </ClInclude>
    <ClInclude Include="..\..\otool\i386_disasm.h">
      <Filter>Header Files</Filter>
    </ClInclude>
    <ClInclude Include="..\..\otool\i860_disasm.h">
      <Filter>Header Files</Filter>
    </ClInclude>
    <ClInclude Include="..\..\otool\m68k_disasm.h">
      <Filter>Header Files</Filter>
    </ClInclude>
    <ClInclude Include="..\..\otool\m88k_disasm.h">
      <Filter>Header Files</Filter>
    </ClInclude>
    <ClInclude Include="..\..\otool\notify.h">
      <Filter>Header Files</Filter>
    </ClInclude>
    <ClInclude Include="..\..\otool\ofile_print.h">
      <Filter>Header Files</Filter>
    </ClInclude>
    <ClInclude Include="..\..\otool\otool.h">
      <Filter>Header Files</Filter>
    </ClInclude>
    <ClInclude Include="..\..\otool\ppc_disasm.h">
      <Filter>Header Files</Filter>
    </ClInclude>
    <ClInclude Include="..\..\otool\sparc_disasm.h">
      <Filter>Header Files</Filter>
    </ClInclude>
  </ItemGroup>
</Project>